
Microsoft Visual Studio Solution File, Format Version 12.00
# Visual Studio Version 16
VisualStudioVersion = 16.0.30907.101
MinimumVisualStudioVersion = 10.0.40219.1
Project("{9A19103F-16F7-4668-BE54-9A1E7A4F7556}") = "task.api", "task.api\task.api.csproj", "{38A5CFD1-8E2F-40F6-AA42-707AAB0D677D}"
EndProject
Project("{9A19103F-16F7-4668-BE54-9A1E7A4F7556}") = "task.app", "task.app\task.app.csproj", "{0707AAB5-98A5-46AE-A9BB-7FFA8C39F7A7}"
EndProject
Project("{9A19103F-16F7-4668-BE54-9A1E7A4F7556}") = "task.shared", "task.shared\task.shared.csproj", "{09FFA7A6-08A2-4D7B-8409-91F4B0DD00CB}"
EndProject
Global
	GlobalSection(SolutionConfigurationPlatforms) = preSolution
		Debug|Any CPU = Debug|Any CPU
		Release|Any CPU = Release|Any CPU
	EndGlobalSection
	GlobalSection(ProjectConfigurationPlatforms) = postSolution
		{38A5CFD1-8E2F-40F6-AA42-707AAB0D677D}.Debug|Any CPU.ActiveCfg = Debug|Any CPU
		{38A5CFD1-8E2F-40F6-AA42-707AAB0D677D}.Debug|Any CPU.Build.0 = Debug|Any CPU
		{38A5CFD1-8E2F-40F6-AA42-707AAB0D677D}.Release|Any CPU.ActiveCfg = Release|Any CPU
		{38A5CFD1-8E2F-40F6-AA42-707AAB0D677D}.Release|Any CPU.Build.0 = Release|Any CPU
		{0707AAB5-98A5-46AE-A9BB-7FFA8C39F7A7}.Debug|Any CPU.ActiveCfg = Debug|Any CPU
		{0707AAB5-98A5-46AE-A9BB-7FFA8C39F7A7}.Debug|Any CPU.Build.0 = Debug|Any CPU
		{0707AAB5-98A5-46AE-A9BB-7FFA8C39F7A7}.Release|Any CPU.ActiveCfg = Release|Any CPU
		{0707AAB5-98A5-46AE-A9BB-7FFA8C39F7A7}.Release|Any CPU.Build.0 = Release|Any CPU
		{09FFA7A6-08A2-4D7B-8409-91F4B0DD00CB}.Debug|Any CPU.ActiveCfg = Debug|Any CPU
		{09FFA7A6-08A2-4D7B-8409-91F4B0DD00CB}.Debug|Any CPU.Build.0 = Debug|Any CPU
		{09FFA7A6-08A2-4D7B-8409-91F4B0DD00CB}.Release|Any CPU.ActiveCfg = Release|Any CPU
		{09FFA7A6-08A2-4D7B-8409-91F4B0DD00CB}.Release|Any CPU.Build.0 = Release|Any CPU
	EndGlobalSection
	GlobalSection(SolutionProperties) = preSolution
		HideSolutionNode = FALSE
	EndGlobalSection
	GlobalSection(ExtensibilityGlobals) = postSolution
		SolutionGuid = {14A903F5-7B92-4600-AFC8-A80D466890C8}
	EndGlobalSection
EndGlobal
