{
  "requires": true,
  "lockfileVersion": 1,
  "dependencies": {
    "ansi-regex": {
      "version": "3.0.0",
      "resolved": "https://registry.npmjs.org/ansi-regex/-/ansi-regex-3.0.0.tgz",
      "integrity": "sha1-7QMXwyIGT3lGbAKWa922Bas32Zg="
    },
    "clone": {
      "version": "1.0.4",
      "resolved": "https://registry.npmjs.org/clone/-/clone-1.0.4.tgz",
      "integrity": "sha1-2jCcwmPfFZlMaIypAheco8fNfH4=",
      "optional": true
    },
    "crypto": {
      "version": "1.0.1",
      "resolved": "https://registry.npmjs.org/crypto/-/crypto-1.0.1.tgz",
      "integrity": "sha512-VxBKmeNcqQdiUQUW2Tzq0t377b54N2bMtXO/qiLa+6eRRmmC4qT3D4OnTGoT/U6O9aklQ/jTwbOtRMTTY8G0Ig=="
    },
    "defaults": {
      "version": "1.0.3",
      "resolved": "https://registry.npmjs.org/defaults/-/defaults-1.0.3.tgz",
      "integrity": "sha1-xlYFHpgX2f8I7YgUd/P+QBnz730=",
      "optional": true,
      "requires": {
        "clone": "^1.0.2"
      }
    },
    "denque": {
      "version": "1.4.1",
      "resolved": "https://registry.npmjs.org/denque/-/denque-1.4.1.tgz",
      "integrity": "sha512-OfzPuSZKGcgr96rf1oODnfjqBFmr1DVoc/TrItj3Ohe0Ah1C5WX5Baquw/9U9KovnQ88EqmJbD66rKYUQYN1tQ=="
    },
    "easy-table": {
      "version": "1.1.1",
      "resolved": "https://registry.npmjs.org/easy-table/-/easy-table-1.1.1.tgz",
      "integrity": "sha512-C9Lvm0WFcn2RgxbMnTbXZenMIWcBtkzMr+dWqq/JsVoGFSVUVlPqeOa5LP5kM0I3zoOazFpckOEb2/0LDFfToQ==",
      "requires": {
        "ansi-regex": "^3.0.0",
        "wcwidth": ">=1.0.1"
      }
    },
    "nact": {
      "version": "7.4.0",
      "resolved": "https://registry.npmjs.org/nact/-/nact-7.4.0.tgz",
      "integrity": "sha512-UjzPjWWAFtMZpbu/pWRtm0QYd6hNz/tAK3CZ6KPsrgL95SApsQ7ltYGd+UqTJRmrAl5Ma78iTvBduSRfrIWIRw==",
      "requires": {
        "denque": "^1.2.3"
      }
    },
    "wcwidth": {
      "version": "1.0.1",
      "resolved": "https://registry.npmjs.org/wcwidth/-/wcwidth-1.0.1.tgz",
      "integrity": "sha1-8LDc+RW8X/FSivrbLA4XtTLaL+g=",
      "optional": true,
      "requires": {
        "defaults": "^1.0.3"
      }
    }
  }
}
